
Microsoft Visual Studio Solution File, Format Version 12.00
# Visual Studio Version 17
VisualStudioVersion = 17.11.35312.102
MinimumVisualStudioVersion = 10.0.40219.1
Project("{9A19103F-16F7-4668-BE54-9A1E7A4F7556}") = "trackingapi", "trackingapi\trackingapi.csproj", "{C1A85F30-251E-4161-BCC6-3C3BF6E6F17C}"
EndProject
Project("{FAE04EC0-301F-11D3-BF4B-00C04F79EFBC}") = "tracking.client", "tracking.client\tracking.client.csproj", "{FE72D977-969E-4B8E-9D12-089108A4483F}"
EndProject
Global
	GlobalSection(SolutionConfigurationPlatforms) = preSolution
		Debug|Any CPU = Debug|Any CPU
		Release|Any CPU = Release|Any CPU
	EndGlobalSection
	GlobalSection(ProjectConfigurationPlatforms) = postSolution
		{C1A85F30-251E-4161-BCC6-3C3BF6E6F17C}.Debug|Any CPU.ActiveCfg = Debug|Any CPU
		{C1A85F30-251E-4161-BCC6-3C3BF6E6F17C}.Debug|Any CPU.Build.0 = Debug|Any CPU
		{C1A85F30-251E-4161-BCC6-3C3BF6E6F17C}.Release|Any CPU.ActiveCfg = Release|Any CPU
		{C1A85F30-251E-4161-BCC6-3C3BF6E6F17C}.Release|Any CPU.Build.0 = Release|Any CPU
		{FE72D977-969E-4B8E-9D12-089108A4483F}.Debug|Any CPU.ActiveCfg = Debug|Any CPU
		{FE72D977-969E-4B8E-9D12-089108A4483F}.Debug|Any CPU.Build.0 = Debug|Any CPU
		{FE72D977-969E-4B8E-9D12-089108A4483F}.Release|Any CPU.ActiveCfg = Release|Any CPU
		{FE72D977-969E-4B8E-9D12-089108A4483F}.Release|Any CPU.Build.0 = Release|Any CPU
	EndGlobalSection
	GlobalSection(SolutionProperties) = preSolution
		HideSolutionNode = FALSE
	EndGlobalSection
	GlobalSection(ExtensibilityGlobals) = postSolution
		SolutionGuid = {91D90F80-ED06-4D0F-8F52-0B28C4C0ECD0}
	EndGlobalSection
EndGlobal
